codeberg.org/puregotk/purego v0.0.0-20260224095105-2513c838cb80 h1:y5ZxMLLOjl4xc2tBl02olxZQ06xbbKiR+2ipBfDrVcs=
codeberg.org/puregotk/purego v0.0.0-20260224095105-2513c838cb80/go.mod h1:hVVM4ddvYRlc3IcK3CXJPlMwd/vaLj7gdDBZ6oPgT8w=
codeberg.org/puregotk/puregotk v0.0.0-20260224102311-59dc2ea18838 h1:7QlACmt2YYaPXCBSMFaTpZSYRDxvou61eGqRUP3nlVs=
codeberg.org/puregotk/puregotk v0.0.0-20260224102311-59dc2ea18838/go.mod h1:Q2E89WEkiGRObalH0QeYJe19f1H+6cn40xavs9+cxdU=
codeberg.org/puregotk/puregotk/examples/mylib-gtk-meson-go v0.0.0-20260224102311-59dc2ea18838 h1:hoe8HDU6USyb1sPJcma3HsKRYNL6sbnmFw4gU/1quEU=
codeberg.org/puregotk/puregotk/examples/mylib-gtk-meson-go v0.0.0-20260224102311-59dc2ea18838/go.mod h1:Rwg19eI5eXj0oIOcUoaWLtulAn3SF6sC+aXyqjnQkv4=
github.com/dennwc/flatpak-go-mod v0.1.1-0.20251127123506-956509dd96ba h1:KLfa3f81PhSXNMZs7lJjS/TK1WmMCCjENHr29n+N8BU=
github.com/dennwc/flatpak-go-mod v0.1.1-0.20251127123506-956509dd96ba/go.mod h1:4akg2uvMr36H/vDzQSPofcff2LBk4u+bTAPy2bxVoOo=
github.com/goccy/go-yaml v1.18.0 h1:8W7wMFS12Pcas7KU+VVkaiCng+kG8QiFeFwzFb+rwuw=
github.com/goccy/go-yaml v1.18.0/go.mod h1:XBurs7gK8ATbW4ZPGKgcbrY1Br56PdM69F7LkFRi1kA=
github.com/pojntfx/go-gettext v0.4.0 h1:BiBEMi5Q2M/QAOYQY8yHRD9+/Eu7wUtm49DbmCgTnQM=
github.com/pojntfx/go-gettext v0.4.0/go.mod h1:3Gu8/md0Y1PJjGH1n8ClX9qfO7hXWR0bOj2zGt1XFKY=
golang.org/x/mod v0.30.0 h1:fDEXFVZ/fmCKProc/yAXXUijritrDzahmwwefnjoPFk=
golang.org/x/mod v0.30.0/go.mod h1:lAsf5O2EvJeSFMiBxXDki7sCgAxEUcZHXoXMKT4GJKc=
